PODS:
  - Kingfisher (7.8.1)
  - Realm (10.41.0):
    - Realm/Headers (= 10.41.0)
  - Realm/Headers (10.41.0)
  - RealmSwift (10.41.0):
    - Realm (= 10.41.0)
  - SwiftyJSON (5.0.1)

DEPENDENCIES:
  - Kingfisher
  - RealmSwift
  - SwiftyJSON

SPEC REPOS:
  trunk:
    - Kingfisher
    - Realm
    - RealmSwift
    - SwiftyJSON

SPEC CHECKSUMS:
  Kingfisher: 63f677311d36a3473f6b978584f8a3845d023dc5
  Realm: 669efee7dc1ce0aa9f6739a60f8c0df0a3835067
  RealmSwift: 6b7b0e91b79dc66d5cfceeb3b319cacfc9b1a70e
  SwiftyJSON: 2f33a42c6fbc52764d96f13368585094bfd8aa5e

PODFILE CHECKSUM: 257ba1a76cd176378237a030bd16fa069859f5d3

COCOAPODS: 1.12.1
