PODS:
  - Kingfisher (7.8.1)
  - SwiftyJSON (5.0.1)

DEPENDENCIES:
  - Kingfisher
  - SwiftyJSON

SPEC REPOS:
  trunk:
    - Kingfisher
    - SwiftyJSON

SPEC CHECKSUMS:
  Kingfisher: 63f677311d36a3473f6b978584f8a3845d023dc5
  SwiftyJSON: 2f33a42c6fbc52764d96f13368585094bfd8aa5e

PODFILE CHECKSUM: bc2854d961dd2834314579f76e6836b5008a833c

COCOAPODS: 1.12.1
