// !$*UTF8*$!
{
	archiveVersion = 1;
	classes = {
	};
	objectVersion = 56;
	objects = {

/* Begin PBXBuildFile section */
		05E564072A5FD60700267FD8 /* SharedSing.swift in Sources */ = {isa = PBXBuildFile; fileRef = 05E564062A5FD60700267FD8 /* SharedSing.swift */; };
		05E92F132A5E993E00B6FFDE /* AppDelegate.swift in Sources */ = {isa = PBXBuildFile; fileRef = 05E92F122A5E993E00B6FFDE /* AppDelegate.swift */; };
		05E92F152A5E993E00B6FFDE /* SceneDelegate.swift in Sources */ = {isa = PBXBuildFile; fileRef = 05E92F142A5E993E00B6FFDE /* SceneDelegate.swift */; };
		05E92F172A5E993E00B6FFDE /* ViewController.swift in Sources */ = {isa = PBXBuildFile; fileRef = 05E92F162A5E993E00B6FFDE /* ViewController.swift */; };
		05E92F1A2A5E993E00B6FFDE /* Main.storyboard in Resources */ = {isa = PBXBuildFile; fileRef = 05E92F182A5E993E00B6FFDE /* Main.storyboard */; };
		05E92F1C2A5E993F00B6FFDE /* Assets.xcassets in Resources */ = {isa = PBXBuildFile; fileRef = 05E92F1B2A5E993F00B6FFDE /* Assets.xcassets */; };
		05E92F1F2A5E993F00B6FFDE /* LaunchScreen.storyboard in Resources */ = {isa = PBXBuildFile; fileRef = 05E92F1D2A5E993F00B6FFDE /* LaunchScreen.storyboard */; };
		05E92F282A5EAC0900B6FFDE /* APIService.swift in Sources */ = {isa = PBXBuildFile; fileRef = 05E92F272A5EAC0900B6FFDE /* APIService.swift */; };
		05E92F2B2A5EB83700B6FFDE /* Authen.swift in Sources */ = {isa = PBXBuildFile; fileRef = 05E92F2A2A5EB83700B6FFDE /* Authen.swift */; };
/* End PBXBuildFile section */

/* Begin PBXFileReference section */
		05E564062A5FD60700267FD8 /* SharedSing.swift */ = {isa = PBXFileReference; lastKnownFileType = sourcecode.swift; path = SharedSing.swift; sourceTree = "<group>"; };
		05E92F0F2A5E993E00B6FFDE /* Hi Health.app */ = {isa = PBXFileReference; explicitFileType = wrapper.application; includeInIndex = 0; path = "Hi Health.app"; sourceTree = BUILT_PRODUCTS_DIR; };
		05E92F122A5E993E00B6FFDE /* AppDelegate.swift */ = {isa = PBXFileReference; lastKnownFileType = sourcecode.swift; path = AppDelegate.swift; sourceTree = "<group>"; };
		05E92F142A5E993E00B6FFDE /* SceneDelegate.swift */ = {isa = PBXFileReference; lastKnownFileType = sourcecode.swift; path = SceneDelegate.swift; sourceTree = "<group>"; };
		05E92F162A5E993E00B6FFDE /* ViewController.swift */ = {isa = PBXFileReference; lastKnownFileType = sourcecode.swift; path = ViewController.swift; sourceTree = "<group>"; };
		05E92F192A5E993E00B6FFDE /* Base */ = {isa = PBXFileReference; lastKnownFileType = file.storyboard; name = Base; path = Base.lproj/Main.storyboard; sourceTree = "<group>"; };
		05E92F1B2A5E993F00B6FFDE /* Assets.xcassets */ = {isa = PBXFileReference; lastKnownFileType = folder.assetcatalog; path = Assets.xcassets; sourceTree = "<group>"; };
		05E92F1E2A5E993F00B6FFDE /* Base */ = {isa = PBXFileReference; lastKnownFileType = file.storyboard; name = Base; path = Base.lproj/LaunchScreen.storyboard; sourceTree = "<group>"; };
		05E92F202A5E993F00B6FFDE /* Info.plist */ = {isa = PBXFileReference; lastKnownFileType = text.plist.xml; path = Info.plist; sourceTree = "<group>"; };
		05E92F272A5EAC0900B6FFDE /* APIService.swift */ = {isa = PBXFileReference; lastKnownFileType = sourcecode.swift; path = APIService.swift; sourceTree = "<group>"; };
		05E92F2A2A5EB83700B6FFDE /* Authen.swift */ = {isa = PBXFileReference; lastKnownFileType = sourcecode.swift; path = Authen.swift; sourceTree = "<group>"; };
/* End PBXFileReference section */

/* Begin PBXFrameworksBuildPhase section */
		05E92F0C2A5E993E00B6FFDE /* Frameworks */ = {
			isa = PBXFrameworksBuildPhase;
			buildActionMask = 2147483647;
			files = (
			);
			runOnlyForDeploymentPostprocessing = 0;
		};
/* End PBXFrameworksBuildPhase section */

/* Begin PBXGroup section */
		05E92F062A5E993E00B6FFDE = {
			isa = PBXGroup;
			children = (
				05E92F112A5E993E00B6FFDE /* Hi Health */,
				05E92F102A5E993E00B6FFDE /* Products */,
				F8A4D0FE54141135C2515924 /* Pods */,
			);
			sourceTree = "<group>";
		};
		05E92F102A5E993E00B6FFDE /* Products */ = {
			isa = PBXGroup;
			children = (
				05E92F0F2A5E993E00B6FFDE /* Hi Health.app */,
			);
			name = Products;
			sourceTree = "<group>";
		};
		05E92F112A5E993E00B6FFDE /* Hi Health */ = {
			isa = PBXGroup;
			children = (
				05E92F292A5EB81A00B6FFDE /* Models */,
				05E92F262A5EABFC00B6FFDE /* Services */,
				05E92F122A5E993E00B6FFDE /* AppDelegate.swift */,
				05E92F142A5E993E00B6FFDE /* SceneDelegate.swift */,
				05E92F162A5E993E00B6FFDE /* ViewController.swift */,
				05E92F182A5E993E00B6FFDE /* Main.storyboard */,
				05E92F1B2A5E993F00B6FFDE /* Assets.xcassets */,
				05E92F1D2A5E993F00B6FFDE /* LaunchScreen.storyboard */,
				05E92F202A5E993F00B6FFDE /* Info.plist */,
				05E564062A5FD60700267FD8 /* SharedSing.swift */,
			);
			path = "Hi Health";
			sourceTree = "<group>";
		};
		05E92F262A5EABFC00B6FFDE /* Services */ = {
			isa = PBXGroup;
			children = (
				05E92F272A5EAC0900B6FFDE /* APIService.swift */,
			);
			path = Services;
			sourceTree = "<group>";
		};
		05E92F292A5EB81A00B6FFDE /* Models */ = {
			isa = PBXGroup;
			children = (
				05E92F2A2A5EB83700B6FFDE /* Authen.swift */,
			);
			path = Models;
			sourceTree = "<group>";
		};
		F8A4D0FE54141135C2515924 /* Pods */ = {
			isa = PBXGroup;
			children = (
			);
			path = Pods;
			sourceTree = "<group>";
		};
/* End PBXGroup section */

/* Begin PBXNativeTarget section */
		05E92F0E2A5E993E00B6FFDE /* Hi Health */ = {
			isa = PBXNativeTarget;
			buildConfigurationList = 05E92F232A5E993F00B6FFDE /* Build configuration list for PBXNativeTarget "Hi Health" */;
			buildPhases = (
				05E92F0B2A5E993E00B6FFDE /* Sources */,
				05E92F0C2A5E993E00B6FFDE /* Frameworks */,
				05E92F0D2A5E993E00B6FFDE /* Resources */,
			);
			buildRules = (
			);
			dependencies = (
			);
			name = "Hi Health";
			productName = "Hi Health";
			productReference = 05E92F0F2A5E993E00B6FFDE /* Hi Health.app */;
			productType = "com.apple.product-type.application";
		};
/* End PBXNativeTarget section */

/* Begin PBXProject section */
		05E92F072A5E993E00B6FFDE /* Project object */ = {
			isa = PBXProject;
			attributes = {
				BuildIndependentTargetsInParallel = 1;
				LastSwiftUpdateCheck = 1430;
				LastUpgradeCheck = 1430;
				TargetAttributes = {
					05E92F0E2A5E993E00B6FFDE = {
						CreatedOnToolsVersion = 14.3.1;
					};
				};
			};
			buildConfigurationList = 05E92F0A2A5E993E00B6FFDE /* Build configuration list for PBXProject "Hi Health" */;
			compatibilityVersion = "Xcode 14.0";
			developmentRegion = en;
			hasScannedForEncodings = 0;
			knownRegions = (
				en,
				Base,
			);
			mainGroup = 05E92F062A5E993E00B6FFDE;
			productRefGroup = 05E92F102A5E993E00B6FFDE /* Products */;
			projectDirPath = "";
			projectRoot = "";
			targets = (
				05E92F0E2A5E993E00B6FFDE /* Hi Health */,
			);
		};
/* End PBXProject section */

/* Begin PBXResourcesBuildPhase section */
		05E92F0D2A5E993E00B6FFDE /* Resources */ = {
			isa = PBXResourcesBuildPhase;
			buildActionMask = 2147483647;
			files = (
				05E92F1F2A5E993F00B6FFDE /* LaunchScreen.storyboard in Resources */,
				05E92F1C2A5E993F00B6FFDE /* Assets.xcassets in Resources */,
				05E92F1A2A5E993E00B6FFDE /* Main.storyboard in Resources */,
			);
			runOnlyForDeploymentPostprocessing = 0;
		};
/* End PBXResourcesBuildPhase section */

/* Begin PBXSourcesBuildPhase section */
		05E92F0B2A5E993E00B6FFDE /* Sources */ = {
			isa = PBXSourcesBuildPhase;
			buildActionMask = 2147483647;
			files = (
				05E92F172A5E993E00B6FFDE /* ViewController.swift in Sources */,
				05E564072A5FD60700267FD8 /* SharedSing.swift in Sources */,
				05E92F2B2A5EB83700B6FFDE /* Authen.swift in Sources */,
				05E92F132A5E993E00B6FFDE /* AppDelegate.swift in Sources */,
				05E92F282A5EAC0900B6FFDE /* APIService.swift in Sources */,
				05E92F152A5E993E00B6FFDE /* SceneDelegate.swift in Sources */,
			);
			runOnlyForDeploymentPostprocessing = 0;
		};
/* End PBXSourcesBuildPhase section */

/* Begin PBXVariantGroup section */
		05E92F182A5E993E00B6FFDE /* Main.storyboard */ = {
			isa = PBXVariantGroup;
			children = (
				05E92F192A5E993E00B6FFDE /* Base */,
			);
			name = Main.storyboard;
			sourceTree = "<group>";
		};
		05E92F1D2A5E993F00B6FFDE /* LaunchScreen.storyboard */ = {
			isa = PBXVariantGroup;
			children = (
				05E92F1E2A5E993F00B6FFDE /* Base */,
			);
			name = LaunchScreen.storyboard;
			sourceTree = "<group>";
		};
/* End PBXVariantGroup section */

/* Begin XCBuildConfiguration section */
		05E92F212A5E993F00B6FFDE /* Debug */ = {
			isa = XCBuildConfiguration;
			buildSettings = {
				ALWAYS_SEARCH_USER_PATHS = NO;
				CLANG_ANALYZER_NONNULL = YES;
				CLANG_ANALYZER_NUMBER_OBJECT_CONVERSION = YES_AGGRESSIVE;
				CLANG_CXX_LANGUAGE_STANDARD = "gnu++20";
				CLANG_ENABLE_MODULES = YES;
				CLANG_ENABLE_OBJC_ARC = YES;
				CLANG_ENABLE_OBJC_WEAK = YES;
				CLANG_WARN_BLOCK_CAPTURE_AUTORELEASING = YES;
				CLANG_WARN_BOOL_CONVERSION = YES;
				CLANG_WARN_COMMA = YES;
				CLANG_WARN_CONSTANT_CONVERSION = YES;
				CLANG_WARN_DEPRECATED_OBJC_IMPLEMENTATIONS = YES;
				CLANG_WARN_DIRECT_OBJC_ISA_USAGE = YES_ERROR;
				CLANG_WARN_DOCUMENTATION_COMMENTS = YES;
				CLANG_WARN_EMPTY_BODY = YES;
				CLANG_WARN_ENUM_CONVERSION = YES;
				CLANG_WARN_INFINITE_RECURSION = YES;
				CLANG_WARN_INT_CONVERSION = YES;
				CLANG_WARN_NON_LITERAL_NULL_CONVERSION = YES;
				CLANG_WARN_OBJC_IMPLICIT_RETAIN_SELF = YES;
				CLANG_WARN_OBJC_LITERAL_CONVERSION = YES;
				CLANG_WARN_OBJC_ROOT_CLASS = YES_ERROR;
				CLANG_WARN_QUOTED_INCLUDE_IN_FRAMEWORK_HEADER = YES;
				CLANG_WARN_RANGE_LOOP_ANALYSIS = YES;
				CLANG_WARN_STRICT_PROTOTYPES = YES;
				CLANG_WARN_SUSPICIOUS_MOVE = YES;
				CLANG_WARN_UNGUARDED_AVAILABILITY = YES_AGGRESSIVE;
				CLANG_WARN_UNREACHABLE_CODE = YES;
				CLANG_WARN__DUPLICATE_METHOD_MATCH = YES;
				COPY_PHASE_STRIP = NO;
				DEBUG_INFORMATION_FORMAT = dwarf;
				ENABLE_STRICT_OBJC_MSGSEND = YES;
				ENABLE_TESTABILITY = YES;
				GCC_C_LANGUAGE_STANDARD = gnu11;
				GCC_DYNAMIC_NO_PIC = NO;
				GCC_NO_COMMON_BLOCKS = YES;
				GCC_OPTIMIZATION_LEVEL = 0;
				GCC_PREPROCESSOR_DEFINITIONS = (
					"DEBUG=1",
					"$(inherited)",
				);
				GCC_WARN_64_TO_32_BIT_CONVERSION = YES;
				GCC_WARN_ABOUT_RETURN_TYPE = YES_ERROR;
				GCC_WARN_UNDECLARED_SELECTOR = YES;
				GCC_WARN_UNINITIALIZED_AUTOS = YES_AGGRESSIVE;
				GCC_WARN_UNUSED_FUNCTION = YES;
				GCC_WARN_UNUSED_VARIABLE = YES;
				IPHONEOS_DEPLOYMENT_TARGET = 13.0;
				MTL_ENABLE_DEBUG_INFO = INCLUDE_SOURCE;
				MTL_FAST_MATH = YES;
				ONLY_ACTIVE_ARCH = YES;
				SDKROOT = iphoneos;
				SWIFT_ACTIVE_COMPILATION_CONDITIONS = DEBUG;
				SWIFT_OPTIMIZATION_LEVEL = "-Onone";
			};
			name = Debug;
		};
		05E92F222A5E993F00B6FFDE /* Release */ = {
			isa = XCBuildConfiguration;
			buildSettings = {
				ALWAYS_SEARCH_USER_PATHS = NO;
				CLANG_ANALYZER_NONNULL = YES;
				CLANG_ANALYZER_NUMBER_OBJECT_CONVERSION = YES_AGGRESSIVE;
				CLANG_CXX_LANGUAGE_STANDARD = "gnu++20";
				CLANG_ENABLE_MODULES = YES;
				CLANG_ENABLE_OBJC_ARC = YES;
				CLANG_ENABLE_OBJC_WEAK = YES;
				CLANG_WARN_BLOCK_CAPTURE_AUTORELEASING = YES;
				CLANG_WARN_BOOL_CONVERSION = YES;
				CLANG_WARN_COMMA = YES;
				CLANG_WARN_CONSTANT_CONVERSION = YES;
				CLANG_WARN_DEPRECATED_OBJC_IMPLEMENTATIONS = YES;
				CLANG_WARN_DIRECT_OBJC_ISA_USAGE = YES_ERROR;
				CLANG_WARN_DOCUMENTATION_COMMENTS = YES;
				CLANG_WARN_EMPTY_BODY = YES;
				CLANG_WARN_ENUM_CONVERSION = YES;
				CLANG_WARN_INFINITE_RECURSION = YES;
				CLANG_WARN_INT_CONVERSION = YES;
				CLANG_WARN_NON_LITERAL_NULL_CONVERSION = YES;
				CLANG_WARN_OBJC_IMPLICIT_RETAIN_SELF = YES;
				CLANG_WARN_OBJC_LITERAL_CONVERSION = YES;
				CLANG_WARN_OBJC_ROOT_CLASS = YES_ERROR;
				CLANG_WARN_QUOTED_INCLUDE_IN_FRAMEWORK_HEADER = YES;
				CLANG_WARN_RANGE_LOOP_ANALYSIS = YES;
				CLANG_WARN_STRICT_PROTOTYPES = YES;
				CLANG_WARN_SUSPICIOUS_MOVE = YES;
				CLANG_WARN_UNGUARDED_AVAILABILITY = YES_AGGRESSIVE;
				CLANG_WARN_UNREACHABLE_CODE = YES;
				CLANG_WARN__DUPLICATE_METHOD_MATCH = YES;
				COPY_PHASE_STRIP = NO;
				DEBUG_INFORMATION_FORMAT = "dwarf-with-dsym";
				ENABLE_NS_ASSERTIONS = NO;
				ENABLE_STRICT_OBJC_MSGSEND = YES;
				GCC_C_LANGUAGE_STANDARD = gnu11;
				GCC_NO_COMMON_BLOCKS = YES;
				GCC_WARN_64_TO_32_BIT_CONVERSION = YES;
				GCC_WARN_ABOUT_RETURN_TYPE = YES_ERROR;
				GCC_WARN_UNDECLARED_SELECTOR = YES;
				GCC_WARN_UNINITIALIZED_AUTOS = YES_AGGRESSIVE;
				GCC_WARN_UNUSED_FUNCTION = YES;
				GCC_WARN_UNUSED_VARIABLE = YES;
				IPHONEOS_DEPLOYMENT_TARGET = 13.0;
				MTL_ENABLE_DEBUG_INFO = NO;
				MTL_FAST_MATH = YES;
				SDKROOT = iphoneos;
				SWIFT_COMPILATION_MODE = wholemodule;
				SWIFT_OPTIMIZATION_LEVEL = "-O";
				VALIDATE_PRODUCT = YES;
			};
			name = Release;
		};
		05E92F242A5E993F00B6FFDE /* Debug */ = {
			isa = XCBuildConfiguration;
			buildSettings = {
				ASSETCATALOG_COMPILER_APPICON_NAME = AppIcon;
				ASSETCATALOG_COMPILER_GLOBAL_ACCENT_COLOR_NAME = AccentColor;
				CODE_SIGN_STYLE = Automatic;
				CURRENT_PROJECT_VERSION = 1;
				DEVELOPMENT_TEAM = 29955KP3ZL;
				GENERATE_INFOPLIST_FILE = YES;
				INFOPLIST_FILE = "Hi Health/Info.plist";
				INFOPLIST_KEY_UIApplicationSupportsIndirectInputEvents = YES;
				INFOPLIST_KEY_UILaunchStoryboardName = LaunchScreen;
				INFOPLIST_KEY_UIMainStoryboardFile = Main;
				INFOPLIST_KEY_UISupportedInterfaceOrientations_iPad = "UIInterfaceOrientationPortrait UIInterfaceOrientationPortraitUpsideDown UIInterfaceOrientationLandscapeLeft UIInterfaceOrientationLandscapeRight";
				INFOPLIST_KEY_UISupportedInterfaceOrientations_iPhone = "UIInterfaceOrientationPortrait UIInterfaceOrientationLandscapeLeft UIInterfaceOrientationLandscapeRight";
				IPHONEOS_DEPLOYMENT_TARGET = 13.0;
				LD_RUNPATH_SEARCH_PATHS = (
					"$(inherited)",
					"@executable_path/Frameworks",
				);
				MARKETING_VERSION = 1.0;
				PRODUCT_BUNDLE_IDENTIFIER = "com.k2tam.Hi-Health";
				PRODUCT_NAME = "$(TARGET_NAME)";
				SUPPORTED_PLATFORMS = "iphoneos iphonesimulator";
				SUPPORTS_MACCATALYST = NO;
				SUPPORTS_MAC_DESIGNED_FOR_IPHONE_IPAD = NO;
				SWIFT_EMIT_LOC_STRINGS = YES;
				SWIFT_VERSION = 5.0;
				TARGETED_DEVICE_FAMILY = 1;
			};
			name = Debug;
		};
		05E92F252A5E993F00B6FFDE /* Release */ = {
			isa = XCBuildConfiguration;
			buildSettings = {
				ASSETCATALOG_COMPILER_APPICON_NAME = AppIcon;
				ASSETCATALOG_COMPILER_GLOBAL_ACCENT_COLOR_NAME = AccentColor;
				CODE_SIGN_STYLE = Automatic;
				CURRENT_PROJECT_VERSION = 1;
				DEVELOPMENT_TEAM = 29955KP3ZL;
				GENERATE_INFOPLIST_FILE = YES;
				INFOPLIST_FILE = "Hi Health/Info.plist";
				INFOPLIST_KEY_UIApplicationSupportsIndirectInputEvents = YES;
				INFOPLIST_KEY_UILaunchStoryboardName = LaunchScreen;
				INFOPLIST_KEY_UIMainStoryboardFile = Main;
				INFOPLIST_KEY_UISupportedInterfaceOrientations_iPad = "UIInterfaceOrientationPortrait UIInterfaceOrientationPortraitUpsideDown UIInterfaceOrientationLandscapeLeft UIInterfaceOrientationLandscapeRight";
				INFOPLIST_KEY_UISupportedInterfaceOrientations_iPhone = "UIInterfaceOrientationPortrait UIInterfaceOrientationLandscapeLeft UIInterfaceOrientationLandscapeRight";
				IPHONEOS_DEPLOYMENT_TARGET = 13.0;
				LD_RUNPATH_SEARCH_PATHS = (
					"$(inherited)",
					"@executable_path/Frameworks",
				);
				MARKETING_VERSION = 1.0;
				PRODUCT_BUNDLE_IDENTIFIER = "com.k2tam.Hi-Health";
				PRODUCT_NAME = "$(TARGET_NAME)";
				SUPPORTED_PLATFORMS = "iphoneos iphonesimulator";
				SUPPORTS_MACCATALYST = NO;
				SUPPORTS_MAC_DESIGNED_FOR_IPHONE_IPAD = NO;
				SWIFT_EMIT_LOC_STRINGS = YES;
				SWIFT_VERSION = 5.0;
				TARGETED_DEVICE_FAMILY = 1;
			};
			name = Release;
		};
/* End XCBuildConfiguration section */

/* Begin XCConfigurationList section */
		05E92F0A2A5E993E00B6FFDE /* Build configuration list for PBXProject "Hi Health" */ = {
			isa = XCConfigurationList;
			buildConfigurations = (
				05E92F212A5E993F00B6FFDE /* Debug */,
				05E92F222A5E993F00B6FFDE /* Release */,
			);
			defaultConfigurationIsVisible = 0;
			defaultConfigurationName = Release;
		};
		05E92F232A5E993F00B6FFDE /* Build configuration list for PBXNativeTarget "Hi Health" */ = {
			isa = XCConfigurationList;
			buildConfigurations = (
				05E92F242A5E993F00B6FFDE /* Debug */,
				05E92F252A5E993F00B6FFDE /* Release */,
			);
			defaultConfigurationIsVisible = 0;
			defaultConfigurationName = Release;
		};
/* End XCConfigurationList section */
	};
	rootObject = 05E92F072A5E993E00B6FFDE /* Project object */;
}
